
Microsoft Visual Studio Solution File, Format Version 12.00
# Visual Studio Version 16
VisualStudioVersion = 16.0.30002.166
MinimumVisualStudioVersion = 10.0.40219.1
Project("{FAE04EC0-301F-11D3-BF4B-00C04F79EFBC}") = "WebApplication15", "WebApplication15\WebApplication15.csproj", "{CEA5CAFA-D935-4262-810E-35C489E67C79}"
EndProject
Project("{2150E333-8FDC-42A3-9474-1A3956D46DE8}") = "SQL", "SQL", "{3EBD2E0D-B22B-4583-BEBE-50415F73753D}"
EndProject
Project("{2150E333-8FDC-42A3-9474-1A3956D46DE8}") = "Tables", "Tables", "{326B247E-E513-43FE-8D5E-D42A1B81FA98}"
	ProjectSection(SolutionItems) = preProject
		SQL\Tables\CarMarks.sql = SQL\Tables\CarMarks.sql
		SQL\Tables\CarModels.sql = SQL\Tables\CarModels.sql
		SQL\Tables\Cars.sql = SQL\Tables\Cars.sql
	EndProjectSection
EndProject
Project("{2150E333-8FDC-42A3-9474-1A3956D46DE8}") = "StoredProcedures", "StoredProcedures", "{71CE560C-8AC7-4DCF-9CF3-75E28DA063C5}"
	ProjectSection(SolutionItems) = preProject
		SQL\StoredProcedures\DeleteCar.sql = SQL\StoredProcedures\DeleteCar.sql
		SQL\StoredProcedures\GetAllCars.sql = SQL\StoredProcedures\GetAllCars.sql
		SQL\StoredProcedures\GetAllCarTypes.sql = SQL\StoredProcedures\GetAllCarTypes.sql
		SQL\StoredProcedures\GetCar.sql = SQL\StoredProcedures\GetCar.sql
		SQL\StoredProcedures\InsertCar.sql = SQL\StoredProcedures\InsertCar.sql
		SQL\StoredProcedures\UpdateCar.sql = SQL\StoredProcedures\UpdateCar.sql
	EndProjectSection
EndProject
Project("{2150E333-8FDC-42A3-9474-1A3956D46DE8}") = "SolutionItems", "SolutionItems", "{7BA2F857-12D3-42B3-A6FF-125D876986B5}"
	ProjectSection(SolutionItems) = preProject
		Readme.md = Readme.md
	EndProjectSection
EndProject
Project("{2150E333-8FDC-42A3-9474-1A3956D46DE8}") = "Screenshots", "Screenshots", "{BD89391B-C4AE-4CF7-AE2C-7F9090CFCA26}"
	ProjectSection(SolutionItems) = preProject
		Screenshots\1.jpg = Screenshots\1.jpg
		Screenshots\2.jpg = Screenshots\2.jpg
		Screenshots\3.jpg = Screenshots\3.jpg
	EndProjectSection
EndProject
Global
	GlobalSection(SolutionConfigurationPlatforms) = preSolution
		Debug|Any CPU = Debug|Any CPU
		Release|Any CPU = Release|Any CPU
	EndGlobalSection
	GlobalSection(ProjectConfigurationPlatforms) = postSolution
		{CEA5CAFA-D935-4262-810E-35C489E67C79}.Debug|Any CPU.ActiveCfg = Debug|Any CPU
		{CEA5CAFA-D935-4262-810E-35C489E67C79}.Debug|Any CPU.Build.0 = Debug|Any CPU
		{CEA5CAFA-D935-4262-810E-35C489E67C79}.Release|Any CPU.ActiveCfg = Release|Any CPU
		{CEA5CAFA-D935-4262-810E-35C489E67C79}.Release|Any CPU.Build.0 = Release|Any CPU
	EndGlobalSection
	GlobalSection(SolutionProperties) = preSolution
		HideSolutionNode = FALSE
	EndGlobalSection
	GlobalSection(NestedProjects) = preSolution
		{326B247E-E513-43FE-8D5E-D42A1B81FA98} = {3EBD2E0D-B22B-4583-BEBE-50415F73753D}
		{71CE560C-8AC7-4DCF-9CF3-75E28DA063C5} = {3EBD2E0D-B22B-4583-BEBE-50415F73753D}
	EndGlobalSection
	GlobalSection(ExtensibilityGlobals) = postSolution
		SolutionGuid = {B9C5304C-A081-4AE1-887B-B6D76AFA6680}
	EndGlobalSection
EndGlobal
